// !$*UTF8*$!
{
	archiveVersion = 1;
	classes = {
	};
	objectVersion = 51;
	objects = {

/* Begin PBXBuildFile section */
		285C961B6FAEC0A2E54FAA5E /* Pods_WiproCodingExercise.framework in Frameworks */ = {isa = PBXBuildFile; fileRef = 7E8BBBA7EF8658F5F89BADD9 /* Pods_WiproCodingExercise.framework */; };
		6E64BEAE7206F15164F43412 /* Pods_WiproCodingExerciseTests.framework in Frameworks */ = {isa = PBXBuildFile; fileRef = 54DCACD07A4FEA25395C4BA2 /* Pods_WiproCodingExerciseTests.framework */; };
		893D9FCE24ED635C00B6C1EF /* Artists.swift in Sources */ = {isa = PBXBuildFile; fileRef = 893D9FCD24ED635C00B6C1EF /* Artists.swift */; };
		893D9FD224EE510A00B6C1EF /* Tracks.swift in Sources */ = {isa = PBXBuildFile; fileRef = 893D9FD124EE510A00B6C1EF /* Tracks.swift */; };
		893D9FD424EE533F00B6C1EF /* Albums.swift in Sources */ = {isa = PBXBuildFile; fileRef = 893D9FD324EE533F00B6C1EF /* Albums.swift */; };
		893D9FD624EE6A3700B6C1EF /* SearchViewModel.swift in Sources */ = {isa = PBXBuildFile; fileRef = 893D9FD524EE6A3700B6C1EF /* SearchViewModel.swift */; };
		893D9FD824EE6B9500B6C1EF /* NetworkManager.swift in Sources */ = {isa = PBXBuildFile; fileRef = 893D9FD724EE6B9500B6C1EF /* NetworkManager.swift */; };
		893D9FDB24EEB33C00B6C1EF /* ListTableViewCell.swift in Sources */ = {isa = PBXBuildFile; fileRef = 893D9FD924EEB33C00B6C1EF /* ListTableViewCell.swift */; };
		893D9FDC24EEB33C00B6C1EF /* ListTableViewCell.xib in Resources */ = {isa = PBXBuildFile; fileRef = 893D9FDA24EEB33C00B6C1EF /* ListTableViewCell.xib */; };
		893D9FDE24EEEAFC00B6C1EF /* TrackDetails.swift in Sources */ = {isa = PBXBuildFile; fileRef = 893D9FDD24EEEAFC00B6C1EF /* TrackDetails.swift */; };
		893D9FE024EEEFD900B6C1EF /* AlbumDetails.swift in Sources */ = {isa = PBXBuildFile; fileRef = 893D9FDF24EEEFD900B6C1EF /* AlbumDetails.swift */; };
		893D9FE224EEF20300B6C1EF /* ArtistDetails.swift in Sources */ = {isa = PBXBuildFile; fileRef = 893D9FE124EEF20300B6C1EF /* ArtistDetails.swift */; };
		898BB1A724F2BEFD00CE8E6C /* DetailViewController.swift in Sources */ = {isa = PBXBuildFile; fileRef = 898BB1A624F2BEFD00CE8E6C /* DetailViewController.swift */; };
		898BB1AA24F2C39700CE8E6C /* ImageTableViewCell.swift in Sources */ = {isa = PBXBuildFile; fileRef = 898BB1A824F2C39700CE8E6C /* ImageTableViewCell.swift */; };
		898BB1AB24F2C39700CE8E6C /* ImageTableViewCell.xib in Resources */ = {isa = PBXBuildFile; fileRef = 898BB1A924F2C39700CE8E6C /* ImageTableViewCell.xib */; };
		89C4BC7E24ED326200657721 /* Constants.swift in Sources */ = {isa = PBXBuildFile; fileRef = 89C4BC7D24ED326200657721 /* Constants.swift */; };
		89E4C9D224ED08EB00C3BDDA /* AppDelegate.swift in Sources */ = {isa = PBXBuildFile; fileRef = 89E4C9D124ED08EB00C3BDDA /* AppDelegate.swift */; };
		89E4C9D424ED08EB00C3BDDA /* SceneDelegate.swift in Sources */ = {isa = PBXBuildFile; fileRef = 89E4C9D324ED08EB00C3BDDA /* SceneDelegate.swift */; };
		89E4C9D624ED08EB00C3BDDA /* SearchViewController.swift in Sources */ = {isa = PBXBuildFile; fileRef = 89E4C9D524ED08EB00C3BDDA /* SearchViewController.swift */; };
		89E4C9D924ED08EB00C3BDDA /* Main.storyboard in Resources */ = {isa = PBXBuildFile; fileRef = 89E4C9D724ED08EB00C3BDDA /* Main.storyboard */; };
		89E4C9DB24ED08F200C3BDDA /* Assets.xcassets in Resources */ = {isa = PBXBuildFile; fileRef = 89E4C9DA24ED08F200C3BDDA /* Assets.xcassets */; };
		89E4C9DE24ED08F200C3BDDA /* LaunchScreen.storyboard in Resources */ = {isa = PBXBuildFile; fileRef = 89E4C9DC24ED08F200C3BDDA /* LaunchScreen.storyboard */; };
		89E4C9E924ED08F300C3BDDA /* WiproCodingExerciseTests.swift in Sources */ = {isa = PBXBuildFile; fileRef = 89E4C9E824ED08F300C3BDDA /* WiproCodingExerciseTests.swift */; };
		89E4C9FE24ED0B1800C3BDDA /* ClientAPIManager.swift in Sources */ = {isa = PBXBuildFile; fileRef = 89E4C9FD24ED0B1800C3BDDA /* ClientAPIManager.swift */; };
		89F6538D24F2C9D3003185A8 /* DetailViewModel.swift in Sources */ = {isa = PBXBuildFile; fileRef = 89F6538C24F2C9D3003185A8 /* DetailViewModel.swift */; };
		89F6539424F2DA05003185A8 /* DetailListTableViewCell.swift in Sources */ = {isa = PBXBuildFile; fileRef = 89F6539224F2DA05003185A8 /* DetailListTableViewCell.swift */; };
		89F6539524F2DA05003185A8 /* DetailListTableViewCell.xib in Resources */ = {isa = PBXBuildFile; fileRef = 89F6539324F2DA05003185A8 /* DetailListTableViewCell.xib */; };
/* End PBXBuildFile section */

/* Begin PBXContainerItemProxy section */
		89E4C9E524ED08F300C3BDDA /* PBXContainerItemProxy */ = {
			isa = PBXContainerItemProxy;
			containerPortal = 89E4C9C624ED08EB00C3BDDA /* Project object */;
			proxyType = 1;
			remoteGlobalIDString = 89E4C9CD24ED08EB00C3BDDA;
			remoteInfo = WiproCodingExercise;
		};
/* End PBXContainerItemProxy section */

/* Begin PBXFileReference section */
		028BB264E1BD1049E0D72E83 /* Pods-WiproCodingExercise.debug.xcconfig */ = {isa = PBXFileReference; includeInIndex = 1; lastKnownFileType = text.xcconfig; name = "Pods-WiproCodingExercise.debug.xcconfig"; path = "Target Support Files/Pods-WiproCodingExercise/Pods-WiproCodingExercise.debug.xcconfig"; sourceTree = "<group>"; };
		54DCACD07A4FEA25395C4BA2 /* Pods_WiproCodingExerciseTests.framework */ = {isa = PBXFileReference; explicitFileType = wrapper.framework; includeInIndex = 0; path = Pods_WiproCodingExerciseTests.framework; sourceTree = BUILT_PRODUCTS_DIR; };
		7E8BBBA7EF8658F5F89BADD9 /* Pods_WiproCodingExercise.framework */ = {isa = PBXFileReference; explicitFileType = wrapper.framework; includeInIndex = 0; path = Pods_WiproCodingExercise.framework; sourceTree = BUILT_PRODUCTS_DIR; };
		893D9FCD24ED635C00B6C1EF /* Artists.swift */ = {isa = PBXFileReference; lastKnownFileType = sourcecode.swift; path = Artists.swift; sourceTree = "<group>"; };
		893D9FD124EE510A00B6C1EF /* Tracks.swift */ = {isa = PBXFileReference; lastKnownFileType = sourcecode.swift; path = Tracks.swift; sourceTree = "<group>"; };
		893D9FD324EE533F00B6C1EF /* Albums.swift */ = {isa = PBXFileReference; lastKnownFileType = sourcecode.swift; path = Albums.swift; sourceTree = "<group>"; };
		893D9FD524EE6A3700B6C1EF /* SearchViewModel.swift */ = {isa = PBXFileReference; lastKnownFileType = sourcecode.swift; path = SearchViewModel.swift; sourceTree = "<group>"; };
		893D9FD724EE6B9500B6C1EF /* NetworkManager.swift */ = {isa = PBXFileReference; fileEncoding = 4; lastKnownFileType = sourcecode.swift; path = NetworkManager.swift; sourceTree = "<group>"; };
		893D9FD924EEB33C00B6C1EF /* ListTableViewCell.swift */ = {isa = PBXFileReference; lastKnownFileType = sourcecode.swift; path = ListTableViewCell.swift; sourceTree = "<group>"; };
		893D9FDA24EEB33C00B6C1EF /* ListTableViewCell.xib */ = {isa = PBXFileReference; lastKnownFileType = file.xib; path = ListTableViewCell.xib; sourceTree = "<group>"; };
		893D9FDD24EEEAFC00B6C1EF /* TrackDetails.swift */ = {isa = PBXFileReference; lastKnownFileType = sourcecode.swift; path = TrackDetails.swift; sourceTree = "<group>"; };
		893D9FDF24EEEFD900B6C1EF /* AlbumDetails.swift */ = {isa = PBXFileReference; lastKnownFileType = sourcecode.swift; path = AlbumDetails.swift; sourceTree = "<group>"; };
		893D9FE124EEF20300B6C1EF /* ArtistDetails.swift */ = {isa = PBXFileReference; lastKnownFileType = sourcecode.swift; path = ArtistDetails.swift; sourceTree = "<group>"; };
		898BB1A624F2BEFD00CE8E6C /* DetailViewController.swift */ = {isa = PBXFileReference; lastKnownFileType = sourcecode.swift; path = DetailViewController.swift; sourceTree = "<group>"; };
		898BB1A824F2C39700CE8E6C /* ImageTableViewCell.swift */ = {isa = PBXFileReference; lastKnownFileType = sourcecode.swift; path = ImageTableViewCell.swift; sourceTree = "<group>"; };
		898BB1A924F2C39700CE8E6C /* ImageTableViewCell.xib */ = {isa = PBXFileReference; lastKnownFileType = file.xib; path = ImageTableViewCell.xib; sourceTree = "<group>"; };
		89C4BC7D24ED326200657721 /* Constants.swift */ = {isa = PBXFileReference; fileEncoding = 4; lastKnownFileType = sourcecode.swift; path = Constants.swift; sourceTree = "<group>"; };
		89E4C9CE24ED08EB00C3BDDA /* WiproCodingExercise.app */ = {isa = PBXFileReference; explicitFileType = wrapper.application; includeInIndex = 0; path = WiproCodingExercise.app; sourceTree = BUILT_PRODUCTS_DIR; };
		89E4C9D124ED08EB00C3BDDA /* AppDelegate.swift */ = {isa = PBXFileReference; lastKnownFileType = sourcecode.swift; path = AppDelegate.swift; sourceTree = "<group>"; };
		89E4C9D324ED08EB00C3BDDA /* SceneDelegate.swift */ = {isa = PBXFileReference; lastKnownFileType = sourcecode.swift; path = SceneDelegate.swift; sourceTree = "<group>"; };
		89E4C9D524ED08EB00C3BDDA /* SearchViewController.swift */ = {isa = PBXFileReference; lastKnownFileType = sourcecode.swift; path = SearchViewController.swift; sourceTree = "<group>"; };
		89E4C9D824ED08EB00C3BDDA /* Base */ = {isa = PBXFileReference; lastKnownFileType = file.storyboard; name = Base; path = Base.lproj/Main.storyboard; sourceTree = "<group>"; };
		89E4C9DA24ED08F200C3BDDA /* Assets.xcassets */ = {isa = PBXFileReference; lastKnownFileType = folder.assetcatalog; path = Assets.xcassets; sourceTree = "<group>"; };
		89E4C9DD24ED08F200C3BDDA /* Base */ = {isa = PBXFileReference; lastKnownFileType = file.storyboard; name = Base; path = Base.lproj/LaunchScreen.storyboard; sourceTree = "<group>"; };
		89E4C9DF24ED08F200C3BDDA /* Info.plist */ = {isa = PBXFileReference; lastKnownFileType = text.plist.xml; path = Info.plist; sourceTree = "<group>"; };
		89E4C9E424ED08F300C3BDDA /* WiproCodingExerciseTests.xctest */ = {isa = PBXFileReference; explicitFileType = wrapper.cfbundle; includeInIndex = 0; path = WiproCodingExerciseTests.xctest; sourceTree = BUILT_PRODUCTS_DIR; };
		89E4C9E824ED08F300C3BDDA /* WiproCodingExerciseTests.swift */ = {isa = PBXFileReference; lastKnownFileType = sourcecode.swift; path = WiproCodingExerciseTests.swift; sourceTree = "<group>"; };
		89E4C9EA24ED08F300C3BDDA /* Info.plist */ = {isa = PBXFileReference; lastKnownFileType = text.plist.xml; path = Info.plist; sourceTree = "<group>"; };
		89E4C9FD24ED0B1800C3BDDA /* ClientAPIManager.swift */ = {isa = PBXFileReference; fileEncoding = 4; lastKnownFileType = sourcecode.swift; path = ClientAPIManager.swift; sourceTree = "<group>"; };
		89F6538C24F2C9D3003185A8 /* DetailViewModel.swift */ = {isa = PBXFileReference; lastKnownFileType = sourcecode.swift; path = DetailViewModel.swift; sourceTree = "<group>"; };
		89F6539224F2DA05003185A8 /* DetailListTableViewCell.swift */ = {isa = PBXFileReference; lastKnownFileType = sourcecode.swift; path = DetailListTableViewCell.swift; sourceTree = "<group>"; };
		89F6539324F2DA05003185A8 /* DetailListTableViewCell.xib */ = {isa = PBXFileReference; lastKnownFileType = file.xib; path = DetailListTableViewCell.xib; sourceTree = "<group>"; };
		AA291A2FA80BE394C0AD33D4 /* Pods-WiproCodingExercise.release.xcconfig */ = {isa = PBXFileReference; includeInIndex = 1; lastKnownFileType = text.xcconfig; name = "Pods-WiproCodingExercise.release.xcconfig"; path = "Target Support Files/Pods-WiproCodingExercise/Pods-WiproCodingExercise.release.xcconfig"; sourceTree = "<group>"; };
		E309E08134F30C5E0F7A2181 /* Pods-WiproCodingExerciseTests.release.xcconfig */ = {isa = PBXFileReference; includeInIndex = 1; lastKnownFileType = text.xcconfig; name = "Pods-WiproCodingExerciseTests.release.xcconfig"; path = "Target Support Files/Pods-WiproCodingExerciseTests/Pods-WiproCodingExerciseTests.release.xcconfig"; sourceTree = "<group>"; };
		EF83A029BDECA98D2EABBD24 /* Pods-WiproCodingExerciseTests.debug.xcconfig */ = {isa = PBXFileReference; includeInIndex = 1; lastKnownFileType = text.xcconfig; name = "Pods-WiproCodingExerciseTests.debug.xcconfig"; path = "Target Support Files/Pods-WiproCodingExerciseTests/Pods-WiproCodingExerciseTests.debug.xcconfig"; sourceTree = "<group>"; };
/* End PBXFileReference section */

/* Begin PBXFrameworksBuildPhase section */
		89E4C9CB24ED08EB00C3BDDA /* Frameworks */ = {
			isa = PBXFrameworksBuildPhase;
			buildActionMask = 2147483647;
			files = (
				285C961B6FAEC0A2E54FAA5E /* Pods_WiproCodingExercise.framework in Frameworks */,
			);
			runOnlyForDeploymentPostprocessing = 0;
		};
		89E4C9E124ED08F300C3BDDA /* Frameworks */ = {
			isa = PBXFrameworksBuildPhase;
			buildActionMask = 2147483647;
			files = (
				6E64BEAE7206F15164F43412 /* Pods_WiproCodingExerciseTests.framework in Frameworks */,
			);
			runOnlyForDeploymentPostprocessing = 0;
		};
/* End PBXFrameworksBuildPhase section */

/* Begin PBXGroup section */
		89E4C9C524ED08EB00C3BDDA = {
			isa = PBXGroup;
			children = (
				89E4C9D024ED08EB00C3BDDA /* WiproCodingExercise */,
				89E4C9E724ED08F300C3BDDA /* WiproCodingExerciseTests */,
				89E4C9CF24ED08EB00C3BDDA /* Products */,
				EB3CC1AF289A06274D8A93D3 /* Pods */,
				B12DFB77A614C04AD0720B9D /* Frameworks */,
			);
			sourceTree = "<group>";
		};
		89E4C9CF24ED08EB00C3BDDA /* Products */ = {
			isa = PBXGroup;
			children = (
				89E4C9CE24ED08EB00C3BDDA /* WiproCodingExercise.app */,
				89E4C9E424ED08F300C3BDDA /* WiproCodingExerciseTests.xctest */,
			);
			name = Products;
			sourceTree = "<group>";
		};
		89E4C9D024ED08EB00C3BDDA /* WiproCodingExercise */ = {
			isa = PBXGroup;
			children = (
				89E4C9FC24ED0ADB00C3BDDA /* Model */,
				89E4C9FB24ED0AD400C3BDDA /* ViewModel */,
				89E4C9FA24ED0ACC00C3BDDA /* UserInterface */,
				89E4C9F924ED0AC300C3BDDA /* AppDelegate */,
				89E4C9F824ED0AB900C3BDDA /* Resources */,
				89E4C9F724ED0AB100C3BDDA /* Controllers */,
				89E4C9F624ED0AA800C3BDDA /* Cells */,
				89E4C9F524ED0A8A00C3BDDA /* Services */,
				89E4C9F424ED0A7C00C3BDDA /* Extensions */,
				89E4C9F324ED0A6E00C3BDDA /* Constants */,
				89E4C9DF24ED08F200C3BDDA /* Info.plist */,
			);
			path = WiproCodingExercise;
			sourceTree = "<group>";
		};
		89E4C9E724ED08F300C3BDDA /* WiproCodingExerciseTests */ = {
			isa = PBXGroup;
			children = (
				89E4C9E824ED08F300C3BDDA /* WiproCodingExerciseTests.swift */,
				89E4C9EA24ED08F300C3BDDA /* Info.plist */,
			);
			path = WiproCodingExerciseTests;
			sourceTree = "<group>";
		};
		89E4C9F324ED0A6E00C3BDDA /* Constants */ = {
			isa = PBXGroup;
			children = (
				89C4BC7D24ED326200657721 /* Constants.swift */,
			);
			path = Constants;
			sourceTree = "<group>";
		};
		89E4C9F424ED0A7C00C3BDDA /* Extensions */ = {
			isa = PBXGroup;
			children = (
			);
			path = Extensions;
			sourceTree = "<group>";
		};
		89E4C9F524ED0A8A00C3BDDA /* Services */ = {
			isa = PBXGroup;
			children = (
				89E4C9FD24ED0B1800C3BDDA /* ClientAPIManager.swift */,
				893D9FD724EE6B9500B6C1EF /* NetworkManager.swift */,
			);
			path = Services;
			sourceTree = "<group>";
		};
		89E4C9F624ED0AA800C3BDDA /* Cells */ = {
			isa = PBXGroup;
			children = (
				893D9FD924EEB33C00B6C1EF /* ListTableViewCell.swift */,
				893D9FDA24EEB33C00B6C1EF /* ListTableViewCell.xib */,
				898BB1A824F2C39700CE8E6C /* ImageTableViewCell.swift */,
				898BB1A924F2C39700CE8E6C /* ImageTableViewCell.xib */,
				89F6539224F2DA05003185A8 /* DetailListTableViewCell.swift */,
				89F6539324F2DA05003185A8 /* DetailListTableViewCell.xib */,
			);
			path = Cells;
			sourceTree = "<group>";
		};
		89E4C9F724ED0AB100C3BDDA /* Controllers */ = {
			isa = PBXGroup;
			children = (
				89E4C9D524ED08EB00C3BDDA /* SearchViewController.swift */,
				898BB1A624F2BEFD00CE8E6C /* DetailViewController.swift */,
			);
			path = Controllers;
			sourceTree = "<group>";
		};
		89E4C9F824ED0AB900C3BDDA /* Resources */ = {
			isa = PBXGroup;
			children = (
				89E4C9DA24ED08F200C3BDDA /* Assets.xcassets */,
			);
			path = Resources;
			sourceTree = "<group>";
		};
		89E4C9F924ED0AC300C3BDDA /* AppDelegate */ = {
			isa = PBXGroup;
			children = (
				89E4C9D124ED08EB00C3BDDA /* AppDelegate.swift */,
				89E4C9D324ED08EB00C3BDDA /* SceneDelegate.swift */,
			);
			path = AppDelegate;
			sourceTree = "<group>";
		};
		89E4C9FA24ED0ACC00C3BDDA /* UserInterface */ = {
			isa = PBXGroup;
			children = (
				89E4C9D724ED08EB00C3BDDA /* Main.storyboard */,
				89E4C9DC24ED08F200C3BDDA /* LaunchScreen.storyboard */,
			);
			path = UserInterface;
			sourceTree = "<group>";
		};
		89E4C9FB24ED0AD400C3BDDA /* ViewModel */ = {
			isa = PBXGroup;
			children = (
				893D9FD524EE6A3700B6C1EF /* SearchViewModel.swift */,
				89F6538C24F2C9D3003185A8 /* DetailViewModel.swift */,
			);
			path = ViewModel;
			sourceTree = "<group>";
		};
		89E4C9FC24ED0ADB00C3BDDA /* Model */ = {
			isa = PBXGroup;
			children = (
				893D9FCD24ED635C00B6C1EF /* Artists.swift */,
				893D9FD124EE510A00B6C1EF /* Tracks.swift */,
				893D9FD324EE533F00B6C1EF /* Albums.swift */,
				893D9FDD24EEEAFC00B6C1EF /* TrackDetails.swift */,
				893D9FDF24EEEFD900B6C1EF /* AlbumDetails.swift */,
				893D9FE124EEF20300B6C1EF /* ArtistDetails.swift */,
			);
			path = Model;
			sourceTree = "<group>";
		};
		B12DFB77A614C04AD0720B9D /* Frameworks */ = {
			isa = PBXGroup;
			children = (
				7E8BBBA7EF8658F5F89BADD9 /* Pods_WiproCodingExercise.framework */,
				54DCACD07A4FEA25395C4BA2 /* Pods_WiproCodingExerciseTests.framework */,
			);
			name = Frameworks;
			sourceTree = "<group>";
		};
		EB3CC1AF289A06274D8A93D3 /* Pods */ = {
			isa = PBXGroup;
			children = (
				028BB264E1BD1049E0D72E83 /* Pods-WiproCodingExercise.debug.xcconfig */,
				AA291A2FA80BE394C0AD33D4 /* Pods-WiproCodingExercise.release.xcconfig */,
				EF83A029BDECA98D2EABBD24 /* Pods-WiproCodingExerciseTests.debug.xcconfig */,
				E309E08134F30C5E0F7A2181 /* Pods-WiproCodingExerciseTests.release.xcconfig */,
			);
			path = Pods;
			sourceTree = "<group>";
		};
/* End PBXGroup section */

/* Begin PBXNativeTarget section */
		89E4C9CD24ED08EB00C3BDDA /* WiproCodingExercise */ = {
			isa = PBXNativeTarget;
			buildConfigurationList = 89E4C9ED24ED08F300C3BDDA /* Build configuration list for PBXNativeTarget "WiproCodingExercise" */;
			buildPhases = (
				B11FD6C96FC5676D6D3F665B /* [CP] Check Pods Manifest.lock */,
				89E4C9CA24ED08EB00C3BDDA /* Sources */,
				89E4C9CB24ED08EB00C3BDDA /* Frameworks */,
				89E4C9CC24ED08EB00C3BDDA /* Resources */,
				8EEE3AD6767DFAA2F90EC37E /* [CP] Embed Pods Frameworks */,
			);
			buildRules = (
			);
			dependencies = (
			);
			name = WiproCodingExercise;
			productName = WiproCodingExercise;
			productReference = 89E4C9CE24ED08EB00C3BDDA /* WiproCodingExercise.app */;
			productType = "com.apple.product-type.application";
		};
		89E4C9E324ED08F300C3BDDA /* WiproCodingExerciseTests */ = {
			isa = PBXNativeTarget;
			buildConfigurationList = 89E4C9F024ED08F300C3BDDA /* Build configuration list for PBXNativeTarget "WiproCodingExerciseTests" */;
			buildPhases = (
				DBE6876A634781FDE7D11986 /* [CP] Check Pods Manifest.lock */,
				89E4C9E024ED08F300C3BDDA /* Sources */,
				89E4C9E124ED08F300C3BDDA /* Frameworks */,
				89E4C9E224ED08F300C3BDDA /* Resources */,
			);
			buildRules = (
			);
			dependencies = (
				89E4C9E624ED08F300C3BDDA /* PBXTargetDependency */,
			);
			name = WiproCodingExerciseTests;
			productName = WiproCodingExerciseTests;
			productReference = 89E4C9E424ED08F300C3BDDA /* WiproCodingExerciseTests.xctest */;
			productType = "com.apple.product-type.bundle.unit-test";
		};
/* End PBXNativeTarget section */

/* Begin PBXProject section */
		89E4C9C624ED08EB00C3BDDA /* Project object */ = {
			isa = PBXProject;
			attributes = {
				LastSwiftUpdateCheck = 1110;
				LastUpgradeCheck = 1110;
				ORGANIZATIONNAME = "Nirav Hathi";
				TargetAttributes = {
					89E4C9CD24ED08EB00C3BDDA = {
						CreatedOnToolsVersion = 11.1;
					};
					89E4C9E324ED08F300C3BDDA = {
						CreatedOnToolsVersion = 11.1;
						TestTargetID = 89E4C9CD24ED08EB00C3BDDA;
					};
				};
			};
			buildConfigurationList = 89E4C9C924ED08EB00C3BDDA /* Build configuration list for PBXProject "WiproCodingExercise" */;
			compatibilityVersion = "Xcode 9.3";
			developmentRegion = en;
			hasScannedForEncodings = 0;
			knownRegions = (
				en,
				Base,
			);
			mainGroup = 89E4C9C524ED08EB00C3BDDA;
			productRefGroup = 89E4C9CF24ED08EB00C3BDDA /* Products */;
			projectDirPath = "";
			projectRoot = "";
			targets = (
				89E4C9CD24ED08EB00C3BDDA /* WiproCodingExercise */,
				89E4C9E324ED08F300C3BDDA /* WiproCodingExerciseTests */,
			);
		};
/* End PBXProject section */

/* Begin PBXResourcesBuildPhase section */
		89E4C9CC24ED08EB00C3BDDA /* Resources */ = {
			isa = PBXResourcesBuildPhase;
			buildActionMask = 2147483647;
			files = (
				89F6539524F2DA05003185A8 /* DetailListTableViewCell.xib in Resources */,
				898BB1AB24F2C39700CE8E6C /* ImageTableViewCell.xib in Resources */,
				89E4C9DE24ED08F200C3BDDA /* LaunchScreen.storyboard in Resources */,
				893D9FDC24EEB33C00B6C1EF /* ListTableViewCell.xib in Resources */,
				89E4C9DB24ED08F200C3BDDA /* Assets.xcassets in Resources */,
				89E4C9D924ED08EB00C3BDDA /* Main.storyboard in Resources */,
			);
			runOnlyForDeploymentPostprocessing = 0;
		};
		89E4C9E224ED08F300C3BDDA /* Resources */ = {
			isa = PBXResourcesBuildPhase;
			buildActionMask = 2147483647;
			files = (
			);
			runOnlyForDeploymentPostprocessing = 0;
		};
/* End PBXResourcesBuildPhase section */

/* Begin PBXShellScriptBuildPhase section */
		8EEE3AD6767DFAA2F90EC37E /* [CP] Embed Pods Frameworks */ = {
			isa = PBXShellScriptBuildPhase;
			buildActionMask = 2147483647;
			files = (
			);
			inputFileListPaths = (
				"${PODS_ROOT}/Target Support Files/Pods-WiproCodingExercise/Pods-WiproCodingExercise-frameworks-${CONFIGURATION}-input-files.xcfilelist",
			);
			name = "[CP] Embed Pods Frameworks";
			outputFileListPaths = (
				"${PODS_ROOT}/Target Support Files/Pods-WiproCodingExercise/Pods-WiproCodingExercise-frameworks-${CONFIGURATION}-output-files.xcfilelist",
			);
			runOnlyForDeploymentPostprocessing = 0;
			shellPath = /bin/sh;
			shellScript = "\"${PODS_ROOT}/Target Support Files/Pods-WiproCodingExercise/Pods-WiproCodingExercise-frameworks.sh\"\n";
			showEnvVarsInLog = 0;
		};
		B11FD6C96FC5676D6D3F665B /* [CP] Check Pods Manifest.lock */ = {
			isa = PBXShellScriptBuildPhase;
			buildActionMask = 2147483647;
			files = (
			);
			inputFileListPaths = (
			);
			inputPaths = (
				"${PODS_PODFILE_DIR_PATH}/Podfile.lock",
				"${PODS_ROOT}/Manifest.lock",
			);
			name = "[CP] Check Pods Manifest.lock";
			outputFileListPaths = (
			);
			outputPaths = (
				"$(DERIVED_FILE_DIR)/Pods-WiproCodingExercise-checkManifestLockResult.txt",
			);
			runOnlyForDeploymentPostprocessing = 0;
			shellPath = /bin/sh;
			shellScript = "diff \"${PODS_PODFILE_DIR_PATH}/Podfile.lock\" \"${PODS_ROOT}/Manifest.lock\" > /dev/null\nif [ $? != 0 ] ; then\n    # print error to STDERR\n    echo \"error: The sandbox is not in sync with the Podfile.lock. Run 'pod install' or update your CocoaPods installation.\" >&2\n    exit 1\nfi\n# This output is used by Xcode 'outputs' to avoid re-running this script phase.\necho \"SUCCESS\" > \"${SCRIPT_OUTPUT_FILE_0}\"\n";
			showEnvVarsInLog = 0;
		};
		DBE6876A634781FDE7D11986 /* [CP] Check Pods Manifest.lock */ = {
			isa = PBXShellScriptBuildPhase;
			buildActionMask = 2147483647;
			files = (
			);
			inputFileListPaths = (
			);
			inputPaths = (
				"${PODS_PODFILE_DIR_PATH}/Podfile.lock",
				"${PODS_ROOT}/Manifest.lock",
			);
			name = "[CP] Check Pods Manifest.lock";
			outputFileListPaths = (
			);
			outputPaths = (
				"$(DERIVED_FILE_DIR)/Pods-WiproCodingExerciseTests-checkManifestLockResult.txt",
			);
			runOnlyForDeploymentPostprocessing = 0;
			shellPath = /bin/sh;
			shellScript = "diff \"${PODS_PODFILE_DIR_PATH}/Podfile.lock\" \"${PODS_ROOT}/Manifest.lock\" > /dev/null\nif [ $? != 0 ] ; then\n    # print error to STDERR\n    echo \"error: The sandbox is not in sync with the Podfile.lock. Run 'pod install' or update your CocoaPods installation.\" >&2\n    exit 1\nfi\n# This output is used by Xcode 'outputs' to avoid re-running this script phase.\necho \"SUCCESS\" > \"${SCRIPT_OUTPUT_FILE_0}\"\n";
			showEnvVarsInLog = 0;
		};
/* End PBXShellScriptBuildPhase section */

/* Begin PBXSourcesBuildPhase section */
		89E4C9CA24ED08EB00C3BDDA /* Sources */ = {
			isa = PBXSourcesBuildPhase;
			buildActionMask = 2147483647;
			files = (
				89F6538D24F2C9D3003185A8 /* DetailViewModel.swift in Sources */,
				893D9FDB24EEB33C00B6C1EF /* ListTableViewCell.swift in Sources */,
				89C4BC7E24ED326200657721 /* Constants.swift in Sources */,
				89E4C9D624ED08EB00C3BDDA /* SearchViewController.swift in Sources */,
				89F6539424F2DA05003185A8 /* DetailListTableViewCell.swift in Sources */,
				893D9FD824EE6B9500B6C1EF /* NetworkManager.swift in Sources */,
				893D9FCE24ED635C00B6C1EF /* Artists.swift in Sources */,
				893D9FE224EEF20300B6C1EF /* ArtistDetails.swift in Sources */,
				893D9FD424EE533F00B6C1EF /* Albums.swift in Sources */,
				89E4C9FE24ED0B1800C3BDDA /* ClientAPIManager.swift in Sources */,
				89E4C9D224ED08EB00C3BDDA /* AppDelegate.swift in Sources */,
				898BB1AA24F2C39700CE8E6C /* ImageTableViewCell.swift in Sources */,
				893D9FDE24EEEAFC00B6C1EF /* TrackDetails.swift in Sources */,
				893D9FD624EE6A3700B6C1EF /* SearchViewModel.swift in Sources */,
				893D9FE024EEEFD900B6C1EF /* AlbumDetails.swift in Sources */,
				898BB1A724F2BEFD00CE8E6C /* DetailViewController.swift in Sources */,
				89E4C9D424ED08EB00C3BDDA /* SceneDelegate.swift in Sources */,
				893D9FD224EE510A00B6C1EF /* Tracks.swift in Sources */,
			);
			runOnlyForDeploymentPostprocessing = 0;
		};
		89E4C9E024ED08F300C3BDDA /* Sources */ = {
			isa = PBXSourcesBuildPhase;
			buildActionMask = 2147483647;
			files = (
				89E4C9E924ED08F300C3BDDA /* WiproCodingExerciseTests.swift in Sources */,
			);
			runOnlyForDeploymentPostprocessing = 0;
		};
/* End PBXSourcesBuildPhase section */

/* Begin PBXTargetDependency section */
		89E4C9E624ED08F300C3BDDA /* PBXTargetDependency */ = {
			isa = PBXTargetDependency;
			target = 89E4C9CD24ED08EB00C3BDDA /* WiproCodingExercise */;
			targetProxy = 89E4C9E524ED08F300C3BDDA /* PBXContainerItemProxy */;
		};
/* End PBXTargetDependency section */

/* Begin PBXVariantGroup section */
		89E4C9D724ED08EB00C3BDDA /* Main.storyboard */ = {
			isa = PBXVariantGroup;
			children = (
				89E4C9D824ED08EB00C3BDDA /* Base */,
			);
			name = Main.storyboard;
			sourceTree = "<group>";
		};
		89E4C9DC24ED08F200C3BDDA /* LaunchScreen.storyboard */ = {
			isa = PBXVariantGroup;
			children = (
				89E4C9DD24ED08F200C3BDDA /* Base */,
			);
			name = LaunchScreen.storyboard;
			sourceTree = "<group>";
		};
/* End PBXVariantGroup section */

/* Begin XCBuildConfiguration section */
		89E4C9EB24ED08F300C3BDDA /* Debug */ = {
			isa = XCBuildConfiguration;
			buildSettings = {
				ALWAYS_SEARCH_USER_PATHS = NO;
				CLANG_ANALYZER_NONNULL = YES;
				CLANG_ANALYZER_NUMBER_OBJECT_CONVERSION = YES_AGGRESSIVE;
				CLANG_CXX_LANGUAGE_STANDARD = "gnu++14";
				CLANG_CXX_LIBRARY = "libc++";
				CLANG_ENABLE_MODULES = YES;
				CLANG_ENABLE_OBJC_ARC = YES;
				CLANG_ENABLE_OBJC_WEAK = YES;
				CLANG_WARN_BLOCK_CAPTURE_AUTORELEASING = YES;
				CLANG_WARN_BOOL_CONVERSION = YES;
				CLANG_WARN_COMMA = YES;
				CLANG_WARN_CONSTANT_CONVERSION = YES;
				CLANG_WARN_DEPRECATED_OBJC_IMPLEMENTATIONS = YES;
				CLANG_WARN_DIRECT_OBJC_ISA_USAGE = YES_ERROR;
				CLANG_WARN_DOCUMENTATION_COMMENTS = YES;
				CLANG_WARN_EMPTY_BODY = YES;
				CLANG_WARN_ENUM_CONVERSION = YES;
				CLANG_WARN_INFINITE_RECURSION = YES;
				CLANG_WARN_INT_CONVERSION = YES;
				CLANG_WARN_NON_LITERAL_NULL_CONVERSION = YES;
				CLANG_WARN_OBJC_IMPLICIT_RETAIN_SELF = YES;
				CLANG_WARN_OBJC_LITERAL_CONVERSION = YES;
				CLANG_WARN_OBJC_ROOT_CLASS = YES_ERROR;
				CLANG_WARN_RANGE_LOOP_ANALYSIS = YES;
				CLANG_WARN_STRICT_PROTOTYPES = YES;
				CLANG_WARN_SUSPICIOUS_MOVE = YES;
				CLANG_WARN_UNGUARDED_AVAILABILITY = YES_AGGRESSIVE;
				CLANG_WARN_UNREACHABLE_CODE = YES;
				CLANG_WARN__DUPLICATE_METHOD_MATCH = YES;
				COPY_PHASE_STRIP = NO;
				DEBUG_INFORMATION_FORMAT = dwarf;
				ENABLE_STRICT_OBJC_MSGSEND = YES;
				ENABLE_TESTABILITY = YES;
				GCC_C_LANGUAGE_STANDARD = gnu11;
				GCC_DYNAMIC_NO_PIC = NO;
				GCC_NO_COMMON_BLOCKS = YES;
				GCC_OPTIMIZATION_LEVEL = 0;
				GCC_PREPROCESSOR_DEFINITIONS = (
					"DEBUG=1",
					"$(inherited)",
				);
				GCC_WARN_64_TO_32_BIT_CONVERSION = YES;
				GCC_WARN_ABOUT_RETURN_TYPE = YES_ERROR;
				GCC_WARN_UNDECLARED_SELECTOR = YES;
				GCC_WARN_UNINITIALIZED_AUTOS = YES_AGGRESSIVE;
				GCC_WARN_UNUSED_FUNCTION = YES;
				GCC_WARN_UNUSED_VARIABLE = YES;
				IPHONEOS_DEPLOYMENT_TARGET = 13.1;
				MTL_ENABLE_DEBUG_INFO = INCLUDE_SOURCE;
				MTL_FAST_MATH = YES;
				ONLY_ACTIVE_ARCH = YES;
				SDKROOT = iphoneos;
				SWIFT_ACTIVE_COMPILATION_CONDITIONS = DEBUG;
				SWIFT_OPTIMIZATION_LEVEL = "-Onone";
			};
			name = Debug;
		};
		89E4C9EC24ED08F300C3BDDA /* Release */ = {
			isa = XCBuildConfiguration;
			buildSettings = {
				ALWAYS_SEARCH_USER_PATHS = NO;
				CLANG_ANALYZER_NONNULL = YES;
				CLANG_ANALYZER_NUMBER_OBJECT_CONVERSION = YES_AGGRESSIVE;
				CLANG_CXX_LANGUAGE_STANDARD = "gnu++14";
				CLANG_CXX_LIBRARY = "libc++";
				CLANG_ENABLE_MODULES = YES;
				CLANG_ENABLE_OBJC_ARC = YES;
				CLANG_ENABLE_OBJC_WEAK = YES;
				CLANG_WARN_BLOCK_CAPTURE_AUTORELEASING = YES;
				CLANG_WARN_BOOL_CONVERSION = YES;
				CLANG_WARN_COMMA = YES;
				CLANG_WARN_CONSTANT_CONVERSION = YES;
				CLANG_WARN_DEPRECATED_OBJC_IMPLEMENTATIONS = YES;
				CLANG_WARN_DIRECT_OBJC_ISA_USAGE = YES_ERROR;
				CLANG_WARN_DOCUMENTATION_COMMENTS = YES;
				CLANG_WARN_EMPTY_BODY = YES;
				CLANG_WARN_ENUM_CONVERSION = YES;
				CLANG_WARN_INFINITE_RECURSION = YES;
				CLANG_WARN_INT_CONVERSION = YES;
				CLANG_WARN_NON_LITERAL_NULL_CONVERSION = YES;
				CLANG_WARN_OBJC_IMPLICIT_RETAIN_SELF = YES;
				CLANG_WARN_OBJC_LITERAL_CONVERSION = YES;
				CLANG_WARN_OBJC_ROOT_CLASS = YES_ERROR;
				CLANG_WARN_RANGE_LOOP_ANALYSIS = YES;
				CLANG_WARN_STRICT_PROTOTYPES = YES;
				CLANG_WARN_SUSPICIOUS_MOVE = YES;
				CLANG_WARN_UNGUARDED_AVAILABILITY = YES_AGGRESSIVE;
				CLANG_WARN_UNREACHABLE_CODE = YES;
				CLANG_WARN__DUPLICATE_METHOD_MATCH = YES;
				COPY_PHASE_STRIP = NO;
				DEBUG_INFORMATION_FORMAT = "dwarf-with-dsym";
				ENABLE_NS_ASSERTIONS = NO;
				ENABLE_STRICT_OBJC_MSGSEND = YES;
				GCC_C_LANGUAGE_STANDARD = gnu11;
				GCC_NO_COMMON_BLOCKS = YES;
				GCC_WARN_64_TO_32_BIT_CONVERSION = YES;
				GCC_WARN_ABOUT_RETURN_TYPE = YES_ERROR;
				GCC_WARN_UNDECLARED_SELECTOR = YES;
				GCC_WARN_UNINITIALIZED_AUTOS = YES_AGGRESSIVE;
				GCC_WARN_UNUSED_FUNCTION = YES;
				GCC_WARN_UNUSED_VARIABLE = YES;
				IPHONEOS_DEPLOYMENT_TARGET = 13.1;
				MTL_ENABLE_DEBUG_INFO = NO;
				MTL_FAST_MATH = YES;
				SDKROOT = iphoneos;
				SWIFT_COMPILATION_MODE = wholemodule;
				SWIFT_OPTIMIZATION_LEVEL = "-O";
				VALIDATE_PRODUCT = YES;
			};
			name = Release;
		};
		89E4C9EE24ED08F300C3BDDA /* Debug */ = {
			isa = XCBuildConfiguration;
			baseConfigurationReference = 028BB264E1BD1049E0D72E83 /* Pods-WiproCodingExercise.debug.xcconfig */;
			buildSettings = {
				ASSETCATALOG_COMPILER_APPICON_NAME = AppIcon;
				CODE_SIGN_STYLE = Automatic;
				INFOPLIST_FILE = WiproCodingExercise/Info.plist;
				LD_RUNPATH_SEARCH_PATHS = (
					"$(inherited)",
					"@executable_path/Frameworks",
				);
				PRODUCT_BUNDLE_IDENTIFIER = com.nirav.WiproCodingExercise;
				PRODUCT_NAME = "$(TARGET_NAME)";
				SWIFT_VERSION = 5.0;
				TARGETED_DEVICE_FAMILY = "1,2";
			};
			name = Debug;
		};
		89E4C9EF24ED08F300C3BDDA /* Release */ = {
			isa = XCBuildConfiguration;
			baseConfigurationReference = AA291A2FA80BE394C0AD33D4 /* Pods-WiproCodingExercise.release.xcconfig */;
			buildSettings = {
				ASSETCATALOG_COMPILER_APPICON_NAME = AppIcon;
				CODE_SIGN_STYLE = Automatic;
				INFOPLIST_FILE = WiproCodingExercise/Info.plist;
				LD_RUNPATH_SEARCH_PATHS = (
					"$(inherited)",
					"@executable_path/Frameworks",
				);
				PRODUCT_BUNDLE_IDENTIFIER = com.nirav.WiproCodingExercise;
				PRODUCT_NAME = "$(TARGET_NAME)";
				SWIFT_VERSION = 5.0;
				TARGETED_DEVICE_FAMILY = "1,2";
			};
			name = Release;
		};
		89E4C9F124ED08F300C3BDDA /* Debug */ = {
			isa = XCBuildConfiguration;
			baseConfigurationReference = EF83A029BDECA98D2EABBD24 /* Pods-WiproCodingExerciseTests.debug.xcconfig */;
			buildSettings = {
				ALWAYS_EMBED_SWIFT_STANDARD_LIBRARIES = YES;
				BUNDLE_LOADER = "$(TEST_HOST)";
				CODE_SIGN_STYLE = Automatic;
				INFOPLIST_FILE = WiproCodingExerciseTests/Info.plist;
				IPHONEOS_DEPLOYMENT_TARGET = 13.1;
				LD_RUNPATH_SEARCH_PATHS = (
					"$(inherited)",
					"@executable_path/Frameworks",
					"@loader_path/Frameworks",
				);
				PRODUCT_BUNDLE_IDENTIFIER = com.nirav.WiproCodingExerciseTests;
				PRODUCT_NAME = "$(TARGET_NAME)";
				SWIFT_VERSION = 5.0;
				TARGETED_DEVICE_FAMILY = "1,2";
				TEST_HOST = "$(BUILT_PRODUCTS_DIR)/WiproCodingExercise.app/WiproCodingExercise";
			};
			name = Debug;
		};
		89E4C9F224ED08F300C3BDDA /* Release */ = {
			isa = XCBuildConfiguration;
			baseConfigurationReference = E309E08134F30C5E0F7A2181 /* Pods-WiproCodingExerciseTests.release.xcconfig */;
			buildSettings = {
				ALWAYS_EMBED_SWIFT_STANDARD_LIBRARIES = YES;
				BUNDLE_LOADER = "$(TEST_HOST)";
				CODE_SIGN_STYLE = Automatic;
				INFOPLIST_FILE = WiproCodingExerciseTests/Info.plist;
				IPHONEOS_DEPLOYMENT_TARGET = 13.1;
				LD_RUNPATH_SEARCH_PATHS = (
					"$(inherited)",
					"@executable_path/Frameworks",
					"@loader_path/Frameworks",
				);
				PRODUCT_BUNDLE_IDENTIFIER = com.nirav.WiproCodingExerciseTests;
				PRODUCT_NAME = "$(TARGET_NAME)";
				SWIFT_VERSION = 5.0;
				TARGETED_DEVICE_FAMILY = "1,2";
				TEST_HOST = "$(BUILT_PRODUCTS_DIR)/WiproCodingExercise.app/WiproCodingExercise";
			};
			name = Release;
		};
/* End XCBuildConfiguration section */

/* Begin XCConfigurationList section */
		89E4C9C924ED08EB00C3BDDA /* Build configuration list for PBXProject "WiproCodingExercise" */ = {
			isa = XCConfigurationList;
			buildConfigurations = (
				89E4C9EB24ED08F300C3BDDA /* Debug */,
				89E4C9EC24ED08F300C3BDDA /* Release */,
			);
			defaultConfigurationIsVisible = 0;
			defaultConfigurationName = Release;
		};
		89E4C9ED24ED08F300C3BDDA /* Build configuration list for PBXNativeTarget "WiproCodingExercise" */ = {
			isa = XCConfigurationList;
			buildConfigurations = (
				89E4C9EE24ED08F300C3BDDA /* Debug */,
				89E4C9EF24ED08F300C3BDDA /* Release */,
			);
			defaultConfigurationIsVisible = 0;
			defaultConfigurationName = Release;
		};
		89E4C9F024ED08F300C3BDDA /* Build configuration list for PBXNativeTarget "WiproCodingExerciseTests" */ = {
			isa = XCConfigurationList;
			buildConfigurations = (
				89E4C9F124ED08F300C3BDDA /* Debug */,
				89E4C9F224ED08F300C3BDDA /* Release */,
			);
			defaultConfigurationIsVisible = 0;
			defaultConfigurationName = Release;
		};
/* End XCConfigurationList section */
	};
	rootObject = 89E4C9C624ED08EB00C3BDDA /* Project object */;
}
